
Microsoft Visual Studio Solution File, Format Version 12.00
# Visual Studio 15
VisualStudioVersion = 15.0.27428.2011
MinimumVisualStudioVersion = 10.0.40219.1
Project("{FAE04EC0-301F-11D3-BF4B-00C04F79EFBC}") = "BluetoothClientSample_wpf", "BluetoothClientSample_wpf\BluetoothClientSample_wpf.csproj", "{C6848553-4AA5-48BC-90E1-EB5F4BF6D65A}"
EndProject
Global
	GlobalSection(SolutionConfigurationPlatforms) = preSolution
		Debug|Any CPU = Debug|Any CPU
		Release|Any CPU = Release|Any CPU
	EndGlobalSection
	GlobalSection(ProjectConfigurationPlatforms) = postSolution
		{C6848553-4AA5-48BC-90E1-EB5F4BF6D65A}.Debug|Any CPU.ActiveCfg = Debug|Any CPU
		{C6848553-4AA5-48BC-90E1-EB5F4BF6D65A}.Debug|Any CPU.Build.0 = Debug|Any CPU
		{C6848553-4AA5-48BC-90E1-EB5F4BF6D65A}.Release|Any CPU.ActiveCfg = Release|Any CPU
		{C6848553-4AA5-48BC-90E1-EB5F4BF6D65A}.Release|Any CPU.Build.0 = Release|Any CPU
	EndGlobalSection
	GlobalSection(SolutionProperties) = preSolution
		HideSolutionNode = FALSE
	EndGlobalSection
	GlobalSection(ExtensibilityGlobals) = postSolution
		SolutionGuid = {813120F1-D87E-40D5-B2E5-BE02E7DBE00D}
	EndGlobalSection
EndGlobal
